%{"bbmustache": {:hex, :bbmustache, "1.0.3"},
  "conform": {:hex, :conform, "0.17.0"},
  "erlware_commons": {:hex, :erlware_commons, "0.15.0"},
  "exactor": {:git, "git://github.com/sasa1977/exactor.git", "0467f8100bc735405d597dbf94996195eb31e0b6", [tag: "0467f8100bc735405d597dbf94996195eb31e0b6"]},
  "exrm": {:git, "git://github.com/bitwalker/exrm.git", "ba7596cdc9f303708d7279b223408c19219c2ca3", [tag: "0.19.9"]},
  "extask": {:git, "git://github.com/timCF/extask.git", "691cc1a515750bead8b81ed6c13cddbcf115d754", []},
  "exutils": {:git, "git://github.com/timCF/exutils.git", "82ce0270cf95d36d41660154a7daa4450fd9d614", []},
  "getopt": {:hex, :getopt, "0.8.2"},
  "hashex": {:git, "git://github.com/timCF/hashex.git", "d10a5f3e724e7be016c9ff7420ef5eb3780c3dae", []},
  "httpotion": {:hex, :httpotion, "2.1.0"},
  "ibrowse": {:git, "git://github.com/cmullaparthi/ibrowse.git", "ea3305d21f37eced4fac290f64b068e56df7de80", [tag: "v4.1.2"]},
  "jazz": {:hex, :jazz, "0.2.1"},
  "maybe": {:git, "git://github.com/timCF/maybe.git", "062fe1d67b995b9a2dbaac54ffdfa9089f78903f", []},
  "neotoma": {:hex, :neotoma, "1.7.3"},
  "providers": {:hex, :providers, "1.4.1"},
  "quickrand": {:hex, :quickrand, "1.5.1"},
  "relx": {:hex, :relx, "3.5.0"},
  "silverb": {:git, "git://github.com/timCF/silverb.git", "7a093e67590c4b38240a864ef8ef33ff82db3ad1", []},
  "uuid": {:git, "git://github.com/okeuday/uuid.git", "c27a3f42e8b62fdf5a5ddbc708b74f9b30dba045", []},
  "webdriver": {:git, "git://github.com/timCF/elixir-webdriver.git", "dc506339bc9fa7992a343504469c02a0bc9e4473", []}}
