%{"bbmustache": {:hex, :bbmustache, "1.0.3"},
  "conform": {:hex, :conform, "0.17.0"},
  "erlware_commons": {:hex, :erlware_commons, "0.15.0"},
  "exrm": {:git, "https://github.com/bitwalker/exrm.git", "ba7596cdc9f303708d7279b223408c19219c2ca3", [tag: "0.19.9"]},
  "getopt": {:hex, :getopt, "0.8.2"},
  "httpotion": {:hex, :httpotion, "2.1.0"},
  "ibrowse": {:git, "https://github.com/cmullaparthi/ibrowse.git", "ea3305d21f37eced4fac290f64b068e56df7de80", [tag: "v4.1.2"]},
  "jazz": {:hex, :jazz, "0.2.1"},
  "neotoma": {:hex, :neotoma, "1.7.3"},
  "providers": {:hex, :providers, "1.4.1"},
  "randomex": {:git, "https://github.com/timCF/randomex.git", "45b2ba5c62681ee03e70bb06136299f578625e97", []},
  "relx": {:hex, :relx, "3.5.0"},
  "sfmt": {:git, "https://github.com/jj1bdx/sfmt-erlang.git", "3ab68ec2e6cfad10f0bcf73077918b2f3b3b7762", []},
  "silverb": {:git, "https://github.com/timCF/silverb.git", "c13d12f8b2bc6a09075bb9b7ec140600e8d959ed", []},
  "webdriver": {:git, "https://github.com/timCF/elixir-webdriver.git", "760c4b8444296198632fc0d509589038880786ff", []}}
